
Microsoft Visual Studio Solution File, Format Version 12.00
# Visual Studio Version 17
VisualStudioVersion = 17.5.002.0
MinimumVisualStudioVersion = 10.0.40219.1
Project("{9A19103F-16F7-4668-BE54-9A1E7A4F7556}") = "Bibliotekshanteringssystem", "Bibliotekshanteringssystem.csproj", "{A4992DF8-A9D3-4F93-83B8-757A8A776BB0}"
EndProject
Global
	GlobalSection(SolutionConfigurationPlatforms) = preSolution
		Debug|Any CPU = Debug|Any CPU
		Release|Any CPU = Release|Any CPU
	EndGlobalSection
	GlobalSection(ProjectConfigurationPlatforms) = postSolution
		{F664B3F0-7086-431B-8F20-371DCA337020}.Debug|Any CPU.ActiveCfg = Debug|Any CPU
		{F664B3F0-7086-431B-8F20-371DCA337020}.Debug|Any CPU.Build.0 = Debug|Any CPU
		{F664B3F0-7086-431B-8F20-371DCA337020}.Release|Any CPU.ActiveCfg = Release|Any CPU
		{F664B3F0-7086-431B-8F20-371DCA337020}.Release|Any CPU.Build.0 = Release|Any CPU
		{A4992DF8-A9D3-4F93-83B8-757A8A776BB0}.Debug|Any CPU.ActiveCfg = Debug|Any CPU
		{A4992DF8-A9D3-4F93-83B8-757A8A776BB0}.Debug|Any CPU.Build.0 = Debug|Any CPU
		{A4992DF8-A9D3-4F93-83B8-757A8A776BB0}.Release|Any CPU.ActiveCfg = Release|Any CPU
		{A4992DF8-A9D3-4F93-83B8-757A8A776BB0}.Release|Any CPU.Build.0 = Release|Any CPU
	EndGlobalSection
	GlobalSection(SolutionProperties) = preSolution
		HideSolutionNode = FALSE
	EndGlobalSection
	GlobalSection(ExtensibilityGlobals) = postSolution
		SolutionGuid = {7421B48E-D465-459C-9F1E-7924F508CDA0}
	EndGlobalSection
EndGlobal
